// !$*UTF8*$!
{
	archiveVersion = 1;
	classes = {
	};
	objectVersion = 56;
	objects = {

/* Begin PBXBuildFile section */
		C5607F3529A89EE400018B15 /* AfricaApp.swift in Sources */ = {isa = PBXBuildFile; fileRef = C5607F3429A89EE400018B15 /* AfricaApp.swift */; };
		C5607F3729A89EE400018B15 /* ContentView.swift in Sources */ = {isa = PBXBuildFile; fileRef = C5607F3629A89EE400018B15 /* ContentView.swift */; };
		C5607F3929A89EE500018B15 /* Assets.xcassets in Resources */ = {isa = PBXBuildFile; fileRef = C5607F3829A89EE500018B15 /* Assets.xcassets */; };
		C5607F3C29A89EE500018B15 /* Preview Assets.xcassets in Resources */ = {isa = PBXBuildFile; fileRef = C5607F3B29A89EE500018B15 /* Preview Assets.xcassets */; };
		C5607F4D29A8A09900018B15 /* zebra.mp4 in Resources */ = {isa = PBXBuildFile; fileRef = C5607F4329A8A09700018B15 /* zebra.mp4 */; };
		C5607F4E29A8A09900018B15 /* hippo.mp4 in Resources */ = {isa = PBXBuildFile; fileRef = C5607F4429A8A09700018B15 /* hippo.mp4 */; };
		C5607F4F29A8A09900018B15 /* lioness.mp4 in Resources */ = {isa = PBXBuildFile; fileRef = C5607F4529A8A09700018B15 /* lioness.mp4 */; };
		C5607F5029A8A09900018B15 /* cheetah.mp4 in Resources */ = {isa = PBXBuildFile; fileRef = C5607F4629A8A09700018B15 /* cheetah.mp4 */; };
		C5607F5129A8A09900018B15 /* lion.mp4 in Resources */ = {isa = PBXBuildFile; fileRef = C5607F4729A8A09700018B15 /* lion.mp4 */; };
		C5607F5229A8A09900018B15 /* gorilla.mp4 in Resources */ = {isa = PBXBuildFile; fileRef = C5607F4829A8A09800018B15 /* gorilla.mp4 */; };
		C5607F5329A8A09900018B15 /* elephant.mp4 in Resources */ = {isa = PBXBuildFile; fileRef = C5607F4929A8A09800018B15 /* elephant.mp4 */; };
		C5607F5429A8A09900018B15 /* rhino.mp4 in Resources */ = {isa = PBXBuildFile; fileRef = C5607F4A29A8A09800018B15 /* rhino.mp4 */; };
		C5607F5529A8A09900018B15 /* giraffe.mp4 in Resources */ = {isa = PBXBuildFile; fileRef = C5607F4B29A8A09800018B15 /* giraffe.mp4 */; };
		C5607F5629A8A09900018B15 /* ostrich.mp4 in Resources */ = {isa = PBXBuildFile; fileRef = C5607F4C29A8A09900018B15 /* ostrich.mp4 */; };
		C5607F5C29A8A0DE00018B15 /* videos.json in Resources */ = {isa = PBXBuildFile; fileRef = C5607F5829A8A0DE00018B15 /* videos.json */; };
		C5607F5D29A8A0DE00018B15 /* animals.json in Resources */ = {isa = PBXBuildFile; fileRef = C5607F5929A8A0DE00018B15 /* animals.json */; };
		C5607F5E29A8A0DE00018B15 /* covers.json in Resources */ = {isa = PBXBuildFile; fileRef = C5607F5A29A8A0DE00018B15 /* covers.json */; };
		C5607F5F29A8A0DF00018B15 /* locations.json in Resources */ = {isa = PBXBuildFile; fileRef = C5607F5B29A8A0DE00018B15 /* locations.json */; };
		C5607F6329A8A25500018B15 /* VideoListView.swift in Sources */ = {isa = PBXBuildFile; fileRef = C5607F6229A8A25500018B15 /* VideoListView.swift */; };
		C5607F6529A8A26300018B15 /* MapView.swift in Sources */ = {isa = PBXBuildFile; fileRef = C5607F6429A8A26300018B15 /* MapView.swift */; };
		C5607F6729A8A28400018B15 /* GalleryView.swift in Sources */ = {isa = PBXBuildFile; fileRef = C5607F6629A8A28400018B15 /* GalleryView.swift */; };
		C5607F6929A8A29000018B15 /* MainView.swift in Sources */ = {isa = PBXBuildFile; fileRef = C5607F6829A8A29000018B15 /* MainView.swift */; };
		C5607F6C29A9EA1600018B15 /* CoverImageView.swift in Sources */ = {isa = PBXBuildFile; fileRef = C5607F6B29A9EA1600018B15 /* CoverImageView.swift */; };
		C5607F6F29A9ECD000018B15 /* CoverImageModel.swift in Sources */ = {isa = PBXBuildFile; fileRef = C5607F6E29A9ECD000018B15 /* CoverImageModel.swift */; };
		C5607F7229A9EDA300018B15 /* CodableBundleExtension.swift in Sources */ = {isa = PBXBuildFile; fileRef = C5607F7129A9EDA300018B15 /* CodableBundleExtension.swift */; };
		C5EEF56229AA831400A4B201 /* AnimalListItemView.swift in Sources */ = {isa = PBXBuildFile; fileRef = C5EEF56129AA831400A4B201 /* AnimalListItemView.swift */; };
		C5EEF56429AA85D300A4B201 /* AnimalModel.swift in Sources */ = {isa = PBXBuildFile; fileRef = C5EEF56329AA85D300A4B201 /* AnimalModel.swift */; };
		C5EEF56629AB48A700A4B201 /* AnimalDetailView.swift in Sources */ = {isa = PBXBuildFile; fileRef = C5EEF56529AB48A700A4B201 /* AnimalDetailView.swift */; };
		C5EEF56829AB4BE500A4B201 /* HeadingView.swift in Sources */ = {isa = PBXBuildFile; fileRef = C5EEF56729AB4BE500A4B201 /* HeadingView.swift */; };
		C5EEF56A29AB4CE500A4B201 /* InsetGalleryView.swift in Sources */ = {isa = PBXBuildFile; fileRef = C5EEF56929AB4CE500A4B201 /* InsetGalleryView.swift */; };
		C5EEF56C29AB980600A4B201 /* InsetFactView.swift in Sources */ = {isa = PBXBuildFile; fileRef = C5EEF56B29AB980600A4B201 /* InsetFactView.swift */; };
		C5EEF57029AB9C8200A4B201 /* InsetMapView.swift in Sources */ = {isa = PBXBuildFile; fileRef = C5EEF56F29AB9C8200A4B201 /* InsetMapView.swift */; };
		C5EEF57229AB9F9800A4B201 /* ExternalWeblinkView.swift in Sources */ = {isa = PBXBuildFile; fileRef = C5EEF57129AB9F9800A4B201 /* ExternalWeblinkView.swift */; };
		C5EEF57429ABA80900A4B201 /* VideoModel.swift in Sources */ = {isa = PBXBuildFile; fileRef = C5EEF57329ABA80900A4B201 /* VideoModel.swift */; };
		C5EEF57629ABA84E00A4B201 /* VideoListItemView.swift in Sources */ = {isa = PBXBuildFile; fileRef = C5EEF57529ABA84E00A4B201 /* VideoListItemView.swift */; };
		C5EEF57829AC72A500A4B201 /* VideoPlayerView.swift in Sources */ = {isa = PBXBuildFile; fileRef = C5EEF57729AC72A500A4B201 /* VideoPlayerView.swift */; };
		C5EEF57B29AC735600A4B201 /* VideoPlayerHelper.swift in Sources */ = {isa = PBXBuildFile; fileRef = C5EEF57A29AC735600A4B201 /* VideoPlayerHelper.swift */; };
		C5EEF57D29AC769C00A4B201 /* LocationModel.swift in Sources */ = {isa = PBXBuildFile; fileRef = C5EEF57C29AC769C00A4B201 /* LocationModel.swift */; };
		C5EEF57F29AC7A7100A4B201 /* MapAnnotationView.swift in Sources */ = {isa = PBXBuildFile; fileRef = C5EEF57E29AC7A7100A4B201 /* MapAnnotationView.swift */; };
/* End PBXBuildFile section */

/* Begin PBXFileReference section */
		C5607F3129A89EE400018B15 /* Africa.app */ = {isa = PBXFileReference; explicitFileType = wrapper.application; includeInIndex = 0; path = Africa.app; sourceTree = BUILT_PRODUCTS_DIR; };
		C5607F3429A89EE400018B15 /* AfricaApp.swift */ = {isa = PBXFileReference; lastKnownFileType = sourcecode.swift; path = AfricaApp.swift; sourceTree = "<group>"; };
		C5607F3629A89EE400018B15 /* ContentView.swift */ = {isa = PBXFileReference; lastKnownFileType = sourcecode.swift; path = ContentView.swift; sourceTree = "<group>"; };
		C5607F3829A89EE500018B15 /* Assets.xcassets */ = {isa = PBXFileReference; lastKnownFileType = folder.assetcatalog; path = Assets.xcassets; sourceTree = "<group>"; };
		C5607F3B29A89EE500018B15 /* Preview Assets.xcassets */ = {isa = PBXFileReference; lastKnownFileType = folder.assetcatalog; path = "Preview Assets.xcassets"; sourceTree = "<group>"; };
		C5607F4329A8A09700018B15 /* zebra.mp4 */ = {isa = PBXFileReference; lastKnownFileType = file; path = zebra.mp4; sourceTree = "<group>"; };
		C5607F4429A8A09700018B15 /* hippo.mp4 */ = {isa = PBXFileReference; lastKnownFileType = file; path = hippo.mp4; sourceTree = "<group>"; };
		C5607F4529A8A09700018B15 /* lioness.mp4 */ = {isa = PBXFileReference; lastKnownFileType = file; path = lioness.mp4; sourceTree = "<group>"; };
		C5607F4629A8A09700018B15 /* cheetah.mp4 */ = {isa = PBXFileReference; lastKnownFileType = file; path = cheetah.mp4; sourceTree = "<group>"; };
		C5607F4729A8A09700018B15 /* lion.mp4 */ = {isa = PBXFileReference; lastKnownFileType = file; path = lion.mp4; sourceTree = "<group>"; };
		C5607F4829A8A09800018B15 /* gorilla.mp4 */ = {isa = PBXFileReference; lastKnownFileType = file; path = gorilla.mp4; sourceTree = "<group>"; };
		C5607F4929A8A09800018B15 /* elephant.mp4 */ = {isa = PBXFileReference; lastKnownFileType = file; path = elephant.mp4; sourceTree = "<group>"; };
		C5607F4A29A8A09800018B15 /* rhino.mp4 */ = {isa = PBXFileReference; lastKnownFileType = file; path = rhino.mp4; sourceTree = "<group>"; };
		C5607F4B29A8A09800018B15 /* giraffe.mp4 */ = {isa = PBXFileReference; lastKnownFileType = file; path = giraffe.mp4; sourceTree = "<group>"; };
		C5607F4C29A8A09900018B15 /* ostrich.mp4 */ = {isa = PBXFileReference; lastKnownFileType = file; path = ostrich.mp4; sourceTree = "<group>"; };
		C5607F5829A8A0DE00018B15 /* videos.json */ = {isa = PBXFileReference; fileEncoding = 4; lastKnownFileType = text.json; path = videos.json; sourceTree = "<group>"; };
		C5607F5929A8A0DE00018B15 /* animals.json */ = {isa = PBXFileReference; fileEncoding = 4; lastKnownFileType = text.json; path = animals.json; sourceTree = "<group>"; };
		C5607F5A29A8A0DE00018B15 /* covers.json */ = {isa = PBXFileReference; fileEncoding = 4; lastKnownFileType = text.json; path = covers.json; sourceTree = "<group>"; };
		C5607F5B29A8A0DE00018B15 /* locations.json */ = {isa = PBXFileReference; fileEncoding = 4; lastKnownFileType = text.json; path = locations.json; sourceTree = "<group>"; };
		C5607F6029A8A17E00018B15 /* Info.plist */ = {isa = PBXFileReference; lastKnownFileType = text.plist; path = Info.plist; sourceTree = "<group>"; };
		C5607F6229A8A25500018B15 /* VideoListView.swift */ = {isa = PBXFileReference; lastKnownFileType = sourcecode.swift; path = VideoListView.swift; sourceTree = "<group>"; };
		C5607F6429A8A26300018B15 /* MapView.swift */ = {isa = PBXFileReference; lastKnownFileType = sourcecode.swift; path = MapView.swift; sourceTree = "<group>"; };
		C5607F6629A8A28400018B15 /* GalleryView.swift */ = {isa = PBXFileReference; lastKnownFileType = sourcecode.swift; path = GalleryView.swift; sourceTree = "<group>"; };
		C5607F6829A8A29000018B15 /* MainView.swift */ = {isa = PBXFileReference; lastKnownFileType = sourcecode.swift; path = MainView.swift; sourceTree = "<group>"; };
		C5607F6B29A9EA1600018B15 /* CoverImageView.swift */ = {isa = PBXFileReference; lastKnownFileType = sourcecode.swift; path = CoverImageView.swift; sourceTree = "<group>"; };
		C5607F6E29A9ECD000018B15 /* CoverImageModel.swift */ = {isa = PBXFileReference; lastKnownFileType = sourcecode.swift; path = CoverImageModel.swift; sourceTree = "<group>"; };
		C5607F7129A9EDA300018B15 /* CodableBundleExtension.swift */ = {isa = PBXFileReference; lastKnownFileType = sourcecode.swift; path = CodableBundleExtension.swift; sourceTree = "<group>"; };
		C5EEF56129AA831400A4B201 /* AnimalListItemView.swift */ = {isa = PBXFileReference; lastKnownFileType = sourcecode.swift; path = AnimalListItemView.swift; sourceTree = "<group>"; };
		C5EEF56329AA85D300A4B201 /* AnimalModel.swift */ = {isa = PBXFileReference; lastKnownFileType = sourcecode.swift; path = AnimalModel.swift; sourceTree = "<group>"; };
		C5EEF56529AB48A700A4B201 /* AnimalDetailView.swift */ = {isa = PBXFileReference; lastKnownFileType = sourcecode.swift; path = AnimalDetailView.swift; sourceTree = "<group>"; };
		C5EEF56729AB4BE500A4B201 /* HeadingView.swift */ = {isa = PBXFileReference; lastKnownFileType = sourcecode.swift; path = HeadingView.swift; sourceTree = "<group>"; };
		C5EEF56929AB4CE500A4B201 /* InsetGalleryView.swift */ = {isa = PBXFileReference; lastKnownFileType = sourcecode.swift; path = InsetGalleryView.swift; sourceTree = "<group>"; };
		C5EEF56B29AB980600A4B201 /* InsetFactView.swift */ = {isa = PBXFileReference; lastKnownFileType = sourcecode.swift; path = InsetFactView.swift; sourceTree = "<group>"; };
		C5EEF56F29AB9C8200A4B201 /* InsetMapView.swift */ = {isa = PBXFileReference; lastKnownFileType = sourcecode.swift; path = InsetMapView.swift; sourceTree = "<group>"; };
		C5EEF57129AB9F9800A4B201 /* ExternalWeblinkView.swift */ = {isa = PBXFileReference; lastKnownFileType = sourcecode.swift; path = ExternalWeblinkView.swift; sourceTree = "<group>"; };
		C5EEF57329ABA80900A4B201 /* VideoModel.swift */ = {isa = PBXFileReference; lastKnownFileType = sourcecode.swift; path = VideoModel.swift; sourceTree = "<group>"; };
		C5EEF57529ABA84E00A4B201 /* VideoListItemView.swift */ = {isa = PBXFileReference; lastKnownFileType = sourcecode.swift; path = VideoListItemView.swift; sourceTree = "<group>"; };
		C5EEF57729AC72A500A4B201 /* VideoPlayerView.swift */ = {isa = PBXFileReference; lastKnownFileType = sourcecode.swift; path = VideoPlayerView.swift; sourceTree = "<group>"; };
		C5EEF57A29AC735600A4B201 /* VideoPlayerHelper.swift */ = {isa = PBXFileReference; lastKnownFileType = sourcecode.swift; path = VideoPlayerHelper.swift; sourceTree = "<group>"; };
		C5EEF57C29AC769C00A4B201 /* LocationModel.swift */ = {isa = PBXFileReference; lastKnownFileType = sourcecode.swift; path = LocationModel.swift; sourceTree = "<group>"; };
		C5EEF57E29AC7A7100A4B201 /* MapAnnotationView.swift */ = {isa = PBXFileReference; lastKnownFileType = sourcecode.swift; path = MapAnnotationView.swift; sourceTree = "<group>"; };
/* End PBXFileReference section */

/* Begin PBXFrameworksBuildPhase section */
		C5607F2E29A89EE400018B15 /* Frameworks */ = {
			isa = PBXFrameworksBuildPhase;
			buildActionMask = 2147483647;
			files = (
			);
			runOnlyForDeploymentPostprocessing = 0;
		};
/* End PBXFrameworksBuildPhase section */

/* Begin PBXGroup section */
		C5607F2829A89EE400018B15 = {
			isa = PBXGroup;
			children = (
				C5607F3329A89EE400018B15 /* Africa */,
				C5607F3229A89EE400018B15 /* Products */,
			);
			sourceTree = "<group>";
		};
		C5607F3229A89EE400018B15 /* Products */ = {
			isa = PBXGroup;
			children = (
				C5607F3129A89EE400018B15 /* Africa.app */,
			);
			name = Products;
			sourceTree = "<group>";
		};
		C5607F3329A89EE400018B15 /* Africa */ = {
			isa = PBXGroup;
			children = (
				C5EEF57929AC734300A4B201 /* Helper */,
				C5607F7029A9ED9400018B15 /* Extension */,
				C5607F6D29A9ECBF00018B15 /* Model */,
				C5607F6A29A9E9F800018B15 /* View */,
				C5607F6029A8A17E00018B15 /* Info.plist */,
				C5607F5729A8A0C000018B15 /* Data */,
				C5607F4229A8A05A00018B15 /* Video */,
				C5607F6129A8A21800018B15 /* App */,
				C5607F3829A89EE500018B15 /* Assets.xcassets */,
				C5607F3A29A89EE500018B15 /* Preview Content */,
			);
			path = Africa;
			sourceTree = "<group>";
		};
		C5607F3A29A89EE500018B15 /* Preview Content */ = {
			isa = PBXGroup;
			children = (
				C5607F3B29A89EE500018B15 /* Preview Assets.xcassets */,
			);
			path = "Preview Content";
			sourceTree = "<group>";
		};
		C5607F4229A8A05A00018B15 /* Video */ = {
			isa = PBXGroup;
			children = (
				C5607F4629A8A09700018B15 /* cheetah.mp4 */,
				C5607F4929A8A09800018B15 /* elephant.mp4 */,
				C5607F4B29A8A09800018B15 /* giraffe.mp4 */,
				C5607F4829A8A09800018B15 /* gorilla.mp4 */,
				C5607F4429A8A09700018B15 /* hippo.mp4 */,
				C5607F4729A8A09700018B15 /* lion.mp4 */,
				C5607F4529A8A09700018B15 /* lioness.mp4 */,
				C5607F4C29A8A09900018B15 /* ostrich.mp4 */,
				C5607F4A29A8A09800018B15 /* rhino.mp4 */,
				C5607F4329A8A09700018B15 /* zebra.mp4 */,
			);
			path = Video;
			sourceTree = "<group>";
		};
		C5607F5729A8A0C000018B15 /* Data */ = {
			isa = PBXGroup;
			children = (
				C5607F5929A8A0DE00018B15 /* animals.json */,
				C5607F5A29A8A0DE00018B15 /* covers.json */,
				C5607F5B29A8A0DE00018B15 /* locations.json */,
				C5607F5829A8A0DE00018B15 /* videos.json */,
			);
			path = Data;
			sourceTree = "<group>";
		};
		C5607F6129A8A21800018B15 /* App */ = {
			isa = PBXGroup;
			children = (
				C5607F3429A89EE400018B15 /* AfricaApp.swift */,
				C5607F3629A89EE400018B15 /* ContentView.swift */,
				C5607F6229A8A25500018B15 /* VideoListView.swift */,
				C5607F6429A8A26300018B15 /* MapView.swift */,
				C5607F6629A8A28400018B15 /* GalleryView.swift */,
				C5607F6829A8A29000018B15 /* MainView.swift */,
			);
			path = App;
			sourceTree = "<group>";
		};
		C5607F6A29A9E9F800018B15 /* View */ = {
			isa = PBXGroup;
			children = (
				C5607F6B29A9EA1600018B15 /* CoverImageView.swift */,
				C5EEF56129AA831400A4B201 /* AnimalListItemView.swift */,
				C5EEF56529AB48A700A4B201 /* AnimalDetailView.swift */,
				C5EEF56729AB4BE500A4B201 /* HeadingView.swift */,
				C5EEF56929AB4CE500A4B201 /* InsetGalleryView.swift */,
				C5EEF56B29AB980600A4B201 /* InsetFactView.swift */,
				C5EEF56F29AB9C8200A4B201 /* InsetMapView.swift */,
				C5EEF57129AB9F9800A4B201 /* ExternalWeblinkView.swift */,
				C5EEF57529ABA84E00A4B201 /* VideoListItemView.swift */,
				C5EEF57729AC72A500A4B201 /* VideoPlayerView.swift */,
				C5EEF57E29AC7A7100A4B201 /* MapAnnotationView.swift */,
			);
			path = View;
			sourceTree = "<group>";
		};
		C5607F6D29A9ECBF00018B15 /* Model */ = {
			isa = PBXGroup;
			children = (
				C5607F6E29A9ECD000018B15 /* CoverImageModel.swift */,
				C5EEF56329AA85D300A4B201 /* AnimalModel.swift */,
				C5EEF57329ABA80900A4B201 /* VideoModel.swift */,
				C5EEF57C29AC769C00A4B201 /* LocationModel.swift */,
			);
			path = Model;
			sourceTree = "<group>";
		};
		C5607F7029A9ED9400018B15 /* Extension */ = {
			isa = PBXGroup;
			children = (
				C5607F7129A9EDA300018B15 /* CodableBundleExtension.swift */,
			);
			path = Extension;
			sourceTree = "<group>";
		};
		C5EEF57929AC734300A4B201 /* Helper */ = {
			isa = PBXGroup;
			children = (
				C5EEF57A29AC735600A4B201 /* VideoPlayerHelper.swift */,
			);
			path = Helper;
			sourceTree = "<group>";
		};
/* End PBXGroup section */

/* Begin PBXNativeTarget section */
		C5607F3029A89EE400018B15 /* Africa */ = {
			isa = PBXNativeTarget;
			buildConfigurationList = C5607F3F29A89EE500018B15 /* Build configuration list for PBXNativeTarget "Africa" */;
			buildPhases = (
				C5607F2D29A89EE400018B15 /* Sources */,
				C5607F2E29A89EE400018B15 /* Frameworks */,
				C5607F2F29A89EE400018B15 /* Resources */,
			);
			buildRules = (
			);
			dependencies = (
			);
			name = Africa;
			productName = Africa;
			productReference = C5607F3129A89EE400018B15 /* Africa.app */;
			productType = "com.apple.product-type.application";
		};
/* End PBXNativeTarget section */

/* Begin PBXProject section */
		C5607F2929A89EE400018B15 /* Project object */ = {
			isa = PBXProject;
			attributes = {
				BuildIndependentTargetsInParallel = 1;
				LastSwiftUpdateCheck = 1420;
				LastUpgradeCheck = 1420;
				TargetAttributes = {
					C5607F3029A89EE400018B15 = {
						CreatedOnToolsVersion = 14.2;
					};
				};
			};
			buildConfigurationList = C5607F2C29A89EE400018B15 /* Build configuration list for PBXProject "Africa" */;
			compatibilityVersion = "Xcode 14.0";
			developmentRegion = en;
			hasScannedForEncodings = 0;
			knownRegions = (
				en,
				Base,
			);
			mainGroup = C5607F2829A89EE400018B15;
			productRefGroup = C5607F3229A89EE400018B15 /* Products */;
			projectDirPath = "";
			projectRoot = "";
			targets = (
				C5607F3029A89EE400018B15 /* Africa */,
			);
		};
/* End PBXProject section */

/* Begin PBXResourcesBuildPhase section */
		C5607F2F29A89EE400018B15 /* Resources */ = {
			isa = PBXResourcesBuildPhase;
			buildActionMask = 2147483647;
			files = (
				C5607F4E29A8A09900018B15 /* hippo.mp4 in Resources */,
				C5607F3C29A89EE500018B15 /* Preview Assets.xcassets in Resources */,
				C5607F5F29A8A0DF00018B15 /* locations.json in Resources */,
				C5607F5129A8A09900018B15 /* lion.mp4 in Resources */,
				C5607F5029A8A09900018B15 /* cheetah.mp4 in Resources */,
				C5607F5C29A8A0DE00018B15 /* videos.json in Resources */,
				C5607F5229A8A09900018B15 /* gorilla.mp4 in Resources */,
				C5607F4F29A8A09900018B15 /* lioness.mp4 in Resources */,
				C5607F5D29A8A0DE00018B15 /* animals.json in Resources */,
				C5607F5629A8A09900018B15 /* ostrich.mp4 in Resources */,
				C5607F5529A8A09900018B15 /* giraffe.mp4 in Resources */,
				C5607F5E29A8A0DE00018B15 /* covers.json in Resources */,
				C5607F4D29A8A09900018B15 /* zebra.mp4 in Resources */,
				C5607F3929A89EE500018B15 /* Assets.xcassets in Resources */,
				C5607F5429A8A09900018B15 /* rhino.mp4 in Resources */,
				C5607F5329A8A09900018B15 /* elephant.mp4 in Resources */,
			);
			runOnlyForDeploymentPostprocessing = 0;
		};
/* End PBXResourcesBuildPhase section */

/* Begin PBXSourcesBuildPhase section */
		C5607F2D29A89EE400018B15 /* Sources */ = {
			isa = PBXSourcesBuildPhase;
			buildActionMask = 2147483647;
			files = (
				C5EEF57229AB9F9800A4B201 /* ExternalWeblinkView.swift in Sources */,
				C5607F3729A89EE400018B15 /* ContentView.swift in Sources */,
				C5EEF56229AA831400A4B201 /* AnimalListItemView.swift in Sources */,
				C5607F6929A8A29000018B15 /* MainView.swift in Sources */,
				C5EEF56C29AB980600A4B201 /* InsetFactView.swift in Sources */,
				C5607F6C29A9EA1600018B15 /* CoverImageView.swift in Sources */,
				C5607F6F29A9ECD000018B15 /* CoverImageModel.swift in Sources */,
				C5EEF56629AB48A700A4B201 /* AnimalDetailView.swift in Sources */,
				C5EEF56429AA85D300A4B201 /* AnimalModel.swift in Sources */,
				C5607F6529A8A26300018B15 /* MapView.swift in Sources */,
				C5EEF57B29AC735600A4B201 /* VideoPlayerHelper.swift in Sources */,
				C5EEF57029AB9C8200A4B201 /* InsetMapView.swift in Sources */,
				C5607F3529A89EE400018B15 /* AfricaApp.swift in Sources */,
				C5EEF57F29AC7A7100A4B201 /* MapAnnotationView.swift in Sources */,
				C5607F6329A8A25500018B15 /* VideoListView.swift in Sources */,
				C5EEF57429ABA80900A4B201 /* VideoModel.swift in Sources */,
				C5607F6729A8A28400018B15 /* GalleryView.swift in Sources */,
				C5EEF57D29AC769C00A4B201 /* LocationModel.swift in Sources */,
				C5EEF56A29AB4CE500A4B201 /* InsetGalleryView.swift in Sources */,
				C5EEF57629ABA84E00A4B201 /* VideoListItemView.swift in Sources */,
				C5607F7229A9EDA300018B15 /* CodableBundleExtension.swift in Sources */,
				C5EEF56829AB4BE500A4B201 /* HeadingView.swift in Sources */,
				C5EEF57829AC72A500A4B201 /* VideoPlayerView.swift in Sources */,
			);
			runOnlyForDeploymentPostprocessing = 0;
		};
/* End PBXSourcesBuildPhase section */

/* Begin XCBuildConfiguration section */
		C5607F3D29A89EE500018B15 /* Debug */ = {
			isa = XCBuildConfiguration;
			buildSettings = {
				ALWAYS_SEARCH_USER_PATHS = NO;
				CLANG_ANALYZER_NONNULL = YES;
				CLANG_ANALYZER_NUMBER_OBJECT_CONVERSION = YES_AGGRESSIVE;
				CLANG_CXX_LANGUAGE_STANDARD = "gnu++20";
				CLANG_ENABLE_MODULES = YES;
				CLANG_ENABLE_OBJC_ARC = YES;
				CLANG_ENABLE_OBJC_WEAK = YES;
				CLANG_WARN_BLOCK_CAPTURE_AUTORELEASING = YES;
				CLANG_WARN_BOOL_CONVERSION = YES;
				CLANG_WARN_COMMA = YES;
				CLANG_WARN_CONSTANT_CONVERSION = YES;
				CLANG_WARN_DEPRECATED_OBJC_IMPLEMENTATIONS = YES;
				CLANG_WARN_DIRECT_OBJC_ISA_USAGE = YES_ERROR;
				CLANG_WARN_DOCUMENTATION_COMMENTS = YES;
				CLANG_WARN_EMPTY_BODY = YES;
				CLANG_WARN_ENUM_CONVERSION = YES;
				CLANG_WARN_INFINITE_RECURSION = YES;
				CLANG_WARN_INT_CONVERSION = YES;
				CLANG_WARN_NON_LITERAL_NULL_CONVERSION = YES;
				CLANG_WARN_OBJC_IMPLICIT_RETAIN_SELF = YES;
				CLANG_WARN_OBJC_LITERAL_CONVERSION = YES;
				CLANG_WARN_OBJC_ROOT_CLASS = YES_ERROR;
				CLANG_WARN_QUOTED_INCLUDE_IN_FRAMEWORK_HEADER = YES;
				CLANG_WARN_RANGE_LOOP_ANALYSIS = YES;
				CLANG_WARN_STRICT_PROTOTYPES = YES;
				CLANG_WARN_SUSPICIOUS_MOVE = YES;
				CLANG_WARN_UNGUARDED_AVAILABILITY = YES_AGGRESSIVE;
				CLANG_WARN_UNREACHABLE_CODE = YES;
				CLANG_WARN__DUPLICATE_METHOD_MATCH = YES;
				COPY_PHASE_STRIP = NO;
				DEBUG_INFORMATION_FORMAT = dwarf;
				ENABLE_STRICT_OBJC_MSGSEND = YES;
				ENABLE_TESTABILITY = YES;
				GCC_C_LANGUAGE_STANDARD = gnu11;
				GCC_DYNAMIC_NO_PIC = NO;
				GCC_NO_COMMON_BLOCKS = YES;
				GCC_OPTIMIZATION_LEVEL = 0;
				GCC_PREPROCESSOR_DEFINITIONS = (
					"DEBUG=1",
					"$(inherited)",
				);
				GCC_WARN_64_TO_32_BIT_CONVERSION = YES;
				GCC_WARN_ABOUT_RETURN_TYPE = YES_ERROR;
				GCC_WARN_UNDECLARED_SELECTOR = YES;
				GCC_WARN_UNINITIALIZED_AUTOS = YES_AGGRESSIVE;
				GCC_WARN_UNUSED_FUNCTION = YES;
				GCC_WARN_UNUSED_VARIABLE = YES;
				IPHONEOS_DEPLOYMENT_TARGET = 16.2;
				MTL_ENABLE_DEBUG_INFO = INCLUDE_SOURCE;
				MTL_FAST_MATH = YES;
				ONLY_ACTIVE_ARCH = YES;
				SDKROOT = iphoneos;
				SWIFT_ACTIVE_COMPILATION_CONDITIONS = DEBUG;
				SWIFT_OPTIMIZATION_LEVEL = "-Onone";
			};
			name = Debug;
		};
		C5607F3E29A89EE500018B15 /* Release */ = {
			isa = XCBuildConfiguration;
			buildSettings = {
				ALWAYS_SEARCH_USER_PATHS = NO;
				CLANG_ANALYZER_NONNULL = YES;
				CLANG_ANALYZER_NUMBER_OBJECT_CONVERSION = YES_AGGRESSIVE;
				CLANG_CXX_LANGUAGE_STANDARD = "gnu++20";
				CLANG_ENABLE_MODULES = YES;
				CLANG_ENABLE_OBJC_ARC = YES;
				CLANG_ENABLE_OBJC_WEAK = YES;
				CLANG_WARN_BLOCK_CAPTURE_AUTORELEASING = YES;
				CLANG_WARN_BOOL_CONVERSION = YES;
				CLANG_WARN_COMMA = YES;
				CLANG_WARN_CONSTANT_CONVERSION = YES;
				CLANG_WARN_DEPRECATED_OBJC_IMPLEMENTATIONS = YES;
				CLANG_WARN_DIRECT_OBJC_ISA_USAGE = YES_ERROR;
				CLANG_WARN_DOCUMENTATION_COMMENTS = YES;
				CLANG_WARN_EMPTY_BODY = YES;
				CLANG_WARN_ENUM_CONVERSION = YES;
				CLANG_WARN_INFINITE_RECURSION = YES;
				CLANG_WARN_INT_CONVERSION = YES;
				CLANG_WARN_NON_LITERAL_NULL_CONVERSION = YES;
				CLANG_WARN_OBJC_IMPLICIT_RETAIN_SELF = YES;
				CLANG_WARN_OBJC_LITERAL_CONVERSION = YES;
				CLANG_WARN_OBJC_ROOT_CLASS = YES_ERROR;
				CLANG_WARN_QUOTED_INCLUDE_IN_FRAMEWORK_HEADER = YES;
				CLANG_WARN_RANGE_LOOP_ANALYSIS = YES;
				CLANG_WARN_STRICT_PROTOTYPES = YES;
				CLANG_WARN_SUSPICIOUS_MOVE = YES;
				CLANG_WARN_UNGUARDED_AVAILABILITY = YES_AGGRESSIVE;
				CLANG_WARN_UNREACHABLE_CODE = YES;
				CLANG_WARN__DUPLICATE_METHOD_MATCH = YES;
				COPY_PHASE_STRIP = NO;
				DEBUG_INFORMATION_FORMAT = "dwarf-with-dsym";
				ENABLE_NS_ASSERTIONS = NO;
				ENABLE_STRICT_OBJC_MSGSEND = YES;
				GCC_C_LANGUAGE_STANDARD = gnu11;
				GCC_NO_COMMON_BLOCKS = YES;
				GCC_WARN_64_TO_32_BIT_CONVERSION = YES;
				GCC_WARN_ABOUT_RETURN_TYPE = YES_ERROR;
				GCC_WARN_UNDECLARED_SELECTOR = YES;
				GCC_WARN_UNINITIALIZED_AUTOS = YES_AGGRESSIVE;
				GCC_WARN_UNUSED_FUNCTION = YES;
				GCC_WARN_UNUSED_VARIABLE = YES;
				IPHONEOS_DEPLOYMENT_TARGET = 16.2;
				MTL_ENABLE_DEBUG_INFO = NO;
				MTL_FAST_MATH = YES;
				SDKROOT = iphoneos;
				SWIFT_COMPILATION_MODE = wholemodule;
				SWIFT_OPTIMIZATION_LEVEL = "-O";
				VALIDATE_PRODUCT = YES;
			};
			name = Release;
		};
		C5607F4029A89EE500018B15 /* Debug */ = {
			isa = XCBuildConfiguration;
			buildSettings = {
				ASSETCATALOG_COMPILER_APPICON_NAME = AppIcon;
				ASSETCATALOG_COMPILER_GLOBAL_ACCENT_COLOR_NAME = AccentColor;
				CODE_SIGN_STYLE = Automatic;
				CURRENT_PROJECT_VERSION = 1;
				DEVELOPMENT_ASSET_PATHS = "\"Africa/Preview Content\"";
				DEVELOPMENT_TEAM = 7W7XN25TWT;
				ENABLE_PREVIEWS = YES;
				GENERATE_INFOPLIST_FILE = YES;
				INFOPLIST_FILE = Africa/Info.plist;
				INFOPLIST_KEY_UIApplicationSceneManifest_Generation = YES;
				INFOPLIST_KEY_UIApplicationSupportsIndirectInputEvents = YES;
				INFOPLIST_KEY_UISupportedInterfaceOrientations_iPad = "UIInterfaceOrientationPortrait UIInterfaceOrientationPortraitUpsideDown UIInterfaceOrientationLandscapeLeft UIInterfaceOrientationLandscapeRight";
				INFOPLIST_KEY_UISupportedInterfaceOrientations_iPhone = "UIInterfaceOrientationPortrait UIInterfaceOrientationLandscapeLeft UIInterfaceOrientationLandscapeRight";
				INFOPLIST_KEY_UIUserInterfaceStyle = Dark;
				LD_RUNPATH_SEARCH_PATHS = (
					"$(inherited)",
					"@executable_path/Frameworks",
				);
				MARKETING_VERSION = 1.0;
				PRODUCT_BUNDLE_IDENTIFIER = batuhan.kacmaz.Africa;
				PRODUCT_NAME = "$(TARGET_NAME)";
				SWIFT_EMIT_LOC_STRINGS = YES;
				SWIFT_VERSION = 5.0;
				TARGETED_DEVICE_FAMILY = "1,2";
			};
			name = Debug;
		};
		C5607F4129A89EE500018B15 /* Release */ = {
			isa = XCBuildConfiguration;
			buildSettings = {
				ASSETCATALOG_COMPILER_APPICON_NAME = AppIcon;
				ASSETCATALOG_COMPILER_GLOBAL_ACCENT_COLOR_NAME = AccentColor;
				CODE_SIGN_STYLE = Automatic;
				CURRENT_PROJECT_VERSION = 1;
				DEVELOPMENT_ASSET_PATHS = "\"Africa/Preview Content\"";
				DEVELOPMENT_TEAM = 7W7XN25TWT;
				ENABLE_PREVIEWS = YES;
				GENERATE_INFOPLIST_FILE = YES;
				INFOPLIST_FILE = Africa/Info.plist;
				INFOPLIST_KEY_UIApplicationSceneManifest_Generation = YES;
				INFOPLIST_KEY_UIApplicationSupportsIndirectInputEvents = YES;
				INFOPLIST_KEY_UISupportedInterfaceOrientations_iPad = "UIInterfaceOrientationPortrait UIInterfaceOrientationPortraitUpsideDown UIInterfaceOrientationLandscapeLeft UIInterfaceOrientationLandscapeRight";
				INFOPLIST_KEY_UISupportedInterfaceOrientations_iPhone = "UIInterfaceOrientationPortrait UIInterfaceOrientationLandscapeLeft UIInterfaceOrientationLandscapeRight";
				INFOPLIST_KEY_UIUserInterfaceStyle = Dark;
				LD_RUNPATH_SEARCH_PATHS = (
					"$(inherited)",
					"@executable_path/Frameworks",
				);
				MARKETING_VERSION = 1.0;
				PRODUCT_BUNDLE_IDENTIFIER = batuhan.kacmaz.Africa;
				PRODUCT_NAME = "$(TARGET_NAME)";
				SWIFT_EMIT_LOC_STRINGS = YES;
				SWIFT_VERSION = 5.0;
				TARGETED_DEVICE_FAMILY = "1,2";
			};
			name = Release;
		};
/* End XCBuildConfiguration section */

/* Begin XCConfigurationList section */
		C5607F2C29A89EE400018B15 /* Build configuration list for PBXProject "Africa" */ = {
			isa = XCConfigurationList;
			buildConfigurations = (
				C5607F3D29A89EE500018B15 /* Debug */,
				C5607F3E29A89EE500018B15 /* Release */,
			);
			defaultConfigurationIsVisible = 0;
			defaultConfigurationName = Release;
		};
		C5607F3F29A89EE500018B15 /* Build configuration list for PBXNativeTarget "Africa" */ = {
			isa = XCConfigurationList;
			buildConfigurations = (
				C5607F4029A89EE500018B15 /* Debug */,
				C5607F4129A89EE500018B15 /* Release */,
			);
			defaultConfigurationIsVisible = 0;
			defaultConfigurationName = Release;
		};
/* End XCConfigurationList section */
	};
	rootObject = C5607F2929A89EE400018B15 /* Project object */;
}
